
Microsoft Visual Studio Solution File, Format Version 12.00
# Visual Studio Version 16
VisualStudioVersion = 16.0.32106.194
MinimumVisualStudioVersion = 10.0.40219.1
Project("{9A19103F-16F7-4668-BE54-9A1E7A4F7556}") = "AspApiSample.Lib", "AspApiSample.Lib\AspApiSample.Lib.csproj", "{2DD176C0-70F6-4A45-A126-EFCA6AEAF664}"
EndProject
Project("{9A19103F-16F7-4668-BE54-9A1E7A4F7556}") = "AspApiSample.API", "AspApiSample.API\AspApiSample.API.csproj", "{782D9CD9-4F6F-420A-8021-746EC0389083}"
EndProject
Project("{9A19103F-16F7-4668-BE54-9A1E7A4F7556}") = "AspApiSample.Web", "AspApiSample.Web\AspApiSample.Web.csproj", "{3838B4B5-61BC-4BCB-B60B-31B6010C43D8}"
EndProject
Project("{FAE04EC0-301F-11D3-BF4B-00C04F79EFBC}") = "IO.Swagger", "SwaggerCodegen\Lib\src\IO.Swagger\IO.Swagger.csproj", "{3AF88168-41CB-4333-92D5-8C3F9DFA0172}"
EndProject
Global
	GlobalSection(SolutionConfigurationPlatforms) = preSolution
		Debug|Any CPU = Debug|Any CPU
		Release|Any CPU = Release|Any CPU
	EndGlobalSection
	GlobalSection(ProjectConfigurationPlatforms) = postSolution
		{2DD176C0-70F6-4A45-A126-EFCA6AEAF664}.Debug|Any CPU.ActiveCfg = Debug|Any CPU
		{2DD176C0-70F6-4A45-A126-EFCA6AEAF664}.Debug|Any CPU.Build.0 = Debug|Any CPU
		{2DD176C0-70F6-4A45-A126-EFCA6AEAF664}.Release|Any CPU.ActiveCfg = Release|Any CPU
		{2DD176C0-70F6-4A45-A126-EFCA6AEAF664}.Release|Any CPU.Build.0 = Release|Any CPU
		{782D9CD9-4F6F-420A-8021-746EC0389083}.Debug|Any CPU.ActiveCfg = Debug|Any CPU
		{782D9CD9-4F6F-420A-8021-746EC0389083}.Debug|Any CPU.Build.0 = Debug|Any CPU
		{782D9CD9-4F6F-420A-8021-746EC0389083}.Release|Any CPU.ActiveCfg = Release|Any CPU
		{782D9CD9-4F6F-420A-8021-746EC0389083}.Release|Any CPU.Build.0 = Release|Any CPU
		{3838B4B5-61BC-4BCB-B60B-31B6010C43D8}.Debug|Any CPU.ActiveCfg = Debug|Any CPU
		{3838B4B5-61BC-4BCB-B60B-31B6010C43D8}.Debug|Any CPU.Build.0 = Debug|Any CPU
		{3838B4B5-61BC-4BCB-B60B-31B6010C43D8}.Release|Any CPU.ActiveCfg = Release|Any CPU
		{3838B4B5-61BC-4BCB-B60B-31B6010C43D8}.Release|Any CPU.Build.0 = Release|Any CPU
		{3AF88168-41CB-4333-92D5-8C3F9DFA0172}.Debug|Any CPU.ActiveCfg = Debug|Any CPU
		{3AF88168-41CB-4333-92D5-8C3F9DFA0172}.Debug|Any CPU.Build.0 = Debug|Any CPU
		{3AF88168-41CB-4333-92D5-8C3F9DFA0172}.Release|Any CPU.ActiveCfg = Release|Any CPU
		{3AF88168-41CB-4333-92D5-8C3F9DFA0172}.Release|Any CPU.Build.0 = Release|Any CPU
	EndGlobalSection
	GlobalSection(SolutionProperties) = preSolution
		HideSolutionNode = FALSE
	EndGlobalSection
	GlobalSection(ExtensibilityGlobals) = postSolution
		SolutionGuid = {63301816-3F97-4B7D-8543-70931E5BBE7B}
	EndGlobalSection
EndGlobal
