
Microsoft Visual Studio Solution File, Format Version 12.00
Project("{FAE04EC0-301F-11D3-BF4B-00C04F79EFBC}") = "AspApiSample.Lib", "AspApiSample.Lib\AspApiSample.Lib.csproj", "{2DD176C0-70F6-4A45-A126-EFCA6AEAF664}"
EndProject
Project("{FAE04EC0-301F-11D3-BF4B-00C04F79EFBC}") = "AspApiSample.API", "AspApiSample.API\AspApiSample.API.csproj", "{782D9CD9-4F6F-420A-8021-746EC0389083}"
EndProject
Project("{FAE04EC0-301F-11D3-BF4B-00C04F79EFBC}") = "AspApiSample.Web", "AspApiSample.Web\AspApiSample.Web.csproj", "{3838B4B5-61BC-4BCB-B60B-31B6010C43D8}"
EndProject
Global
	GlobalSection(SolutionConfigurationPlatforms) = preSolution
		Debug|Any CPU = Debug|Any CPU
		Release|Any CPU = Release|Any CPU
	EndGlobalSection
	GlobalSection(ProjectConfigurationPlatforms) = postSolution
		{2DD176C0-70F6-4A45-A126-EFCA6AEAF664}.Debug|Any CPU.ActiveCfg = Debug|Any CPU
		{2DD176C0-70F6-4A45-A126-EFCA6AEAF664}.Debug|Any CPU.Build.0 = Debug|Any CPU
		{2DD176C0-70F6-4A45-A126-EFCA6AEAF664}.Release|Any CPU.ActiveCfg = Release|Any CPU
		{2DD176C0-70F6-4A45-A126-EFCA6AEAF664}.Release|Any CPU.Build.0 = Release|Any CPU
		{782D9CD9-4F6F-420A-8021-746EC0389083}.Debug|Any CPU.ActiveCfg = Debug|Any CPU
		{782D9CD9-4F6F-420A-8021-746EC0389083}.Debug|Any CPU.Build.0 = Debug|Any CPU
		{782D9CD9-4F6F-420A-8021-746EC0389083}.Release|Any CPU.ActiveCfg = Release|Any CPU
		{782D9CD9-4F6F-420A-8021-746EC0389083}.Release|Any CPU.Build.0 = Release|Any CPU
		{3838B4B5-61BC-4BCB-B60B-31B6010C43D8}.Debug|Any CPU.ActiveCfg = Debug|Any CPU
		{3838B4B5-61BC-4BCB-B60B-31B6010C43D8}.Debug|Any CPU.Build.0 = Debug|Any CPU
		{3838B4B5-61BC-4BCB-B60B-31B6010C43D8}.Release|Any CPU.ActiveCfg = Release|Any CPU
		{3838B4B5-61BC-4BCB-B60B-31B6010C43D8}.Release|Any CPU.Build.0 = Release|Any CPU
	EndGlobalSection
EndGlobal
